
Microsoft Visual Studio Solution File, Format Version 12.00
# Visual Studio Version 16
VisualStudioVersion = 16.0.31911.196
MinimumVisualStudioVersion = 10.0.40219.1
Project("{FAE04EC0-301F-11D3-BF4B-00C04F79EFBC}") = "PresensiTes", "PresensiTes\PresensiTes.csproj", "{ACA0973E-84D3-43EC-ADA8-2A5A9810EFDB}"
EndProject
Global
	GlobalSection(SolutionConfigurationPlatforms) = preSolution
		Debug|Any CPU = Debug|Any CPU
		Release|Any CPU = Release|Any CPU
	EndGlobalSection
	GlobalSection(ProjectConfigurationPlatforms) = postSolution
		{ACA0973E-84D3-43EC-ADA8-2A5A9810EFDB}.Debug|Any CPU.ActiveCfg = Debug|Any CPU
		{ACA0973E-84D3-43EC-ADA8-2A5A9810EFDB}.Debug|Any CPU.Build.0 = Debug|Any CPU
		{ACA0973E-84D3-43EC-ADA8-2A5A9810EFDB}.Release|Any CPU.ActiveCfg = Release|Any CPU
		{ACA0973E-84D3-43EC-ADA8-2A5A9810EFDB}.Release|Any CPU.Build.0 = Release|Any CPU
	EndGlobalSection
	GlobalSection(SolutionProperties) = preSolution
		HideSolutionNode = FALSE
	EndGlobalSection
	GlobalSection(ExtensibilityGlobals) = postSolution
		SolutionGuid = {BDBAA138-D7C3-40FD-B0DF-8C8AAC76C0BF}
	EndGlobalSection
EndGlobal
